
Microsoft Visual Studio Solution File, Format Version 12.00
# Visual Studio 14
VisualStudioVersion = 14.0.25420.1
MinimumVisualStudioVersion = 10.0.40219.1
Project("{2150E333-8FDC-42A3-9474-1A3956D46DE8}") = "src", "src", "{1381C21B-C5AB-4837-9F6D-304ECDA7F7DF}"
EndProject
Project("{2150E333-8FDC-42A3-9474-1A3956D46DE8}") = "Solution Items", "Solution Items", "{022909F8-6BA3-4D62-8EDE-329157EFB0A2}"
	ProjectSection(SolutionItems) = preProject
		global.json = global.json
	EndProjectSection
EndProject
Project("{8BB2217D-0F2D-49D1-97BC-3654ED321F3B}") = "AspNet-AzureUpoad", "src\AspNet-AzureUpoad\AspNet-AzureUpoad.xproj", "{0E3AC35D-054B-4E59-9F9E-47303D8A2DC3}"
EndProject
Global
	GlobalSection(SolutionConfigurationPlatforms) = preSolution
		Debug|Any CPU = Debug|Any CPU
		Release|Any CPU = Release|Any CPU
	EndGlobalSection
	GlobalSection(ProjectConfigurationPlatforms) = postSolution
		{0E3AC35D-054B-4E59-9F9E-47303D8A2DC3}.Debug|Any CPU.ActiveCfg = Debug|Any CPU
		{0E3AC35D-054B-4E59-9F9E-47303D8A2DC3}.Debug|Any CPU.Build.0 = Debug|Any CPU
		{0E3AC35D-054B-4E59-9F9E-47303D8A2DC3}.Release|Any CPU.ActiveCfg = Release|Any CPU
		{0E3AC35D-054B-4E59-9F9E-47303D8A2DC3}.Release|Any CPU.Build.0 = Release|Any CPU
	EndGlobalSection
	GlobalSection(SolutionProperties) = preSolution
		HideSolutionNode = FALSE
	EndGlobalSection
	GlobalSection(NestedProjects) = preSolution
		{0E3AC35D-054B-4E59-9F9E-47303D8A2DC3} = {1381C21B-C5AB-4837-9F6D-304ECDA7F7DF}
	EndGlobalSection
EndGlobal
